
Microsoft Visual Studio Solution File, Format Version 12.00
Project("{2150E333-8FDC-42A3-9474-1A3956D46DE8}") = "src", "src", "{EDF95C31-20A4-41DE-BB4B-E99CC962E59E}"
EndProject
Project("{2150E333-8FDC-42A3-9474-1A3956D46DE8}") = "tests", "tests", "{09A14E96-45AC-41BB-91DF-021D347E0393}"
EndProject
Project("{FAE04EC0-301F-11D3-BF4B-00C04F79EFBC}") = "Grossmann.Tankerapi.Client", "src\Grossmann.Tankerapi.Client\Grossmann.Tankerapi.Client.csproj", "{93FA2DFB-0707-43E0-818A-C74140C5B68F}"
EndProject
Global
	GlobalSection(SolutionConfigurationPlatforms) = preSolution
		Debug|Any CPU = Debug|Any CPU
		Release|Any CPU = Release|Any CPU
	EndGlobalSection
	GlobalSection(NestedProjects) = preSolution
		{93FA2DFB-0707-43E0-818A-C74140C5B68F} = {EDF95C31-20A4-41DE-BB4B-E99CC962E59E}
	EndGlobalSection
	GlobalSection(ProjectConfigurationPlatforms) = postSolution
		{93FA2DFB-0707-43E0-818A-C74140C5B68F}.Debug|Any CPU.ActiveCfg = Debug|Any CPU
		{93FA2DFB-0707-43E0-818A-C74140C5B68F}.Debug|Any CPU.Build.0 = Debug|Any CPU
		{93FA2DFB-0707-43E0-818A-C74140C5B68F}.Release|Any CPU.ActiveCfg = Release|Any CPU
		{93FA2DFB-0707-43E0-818A-C74140C5B68F}.Release|Any CPU.Build.0 = Release|Any CPU
	EndGlobalSection
EndGlobal
